
Microsoft Visual Studio Solution File, Format Version 12.00
# Visual Studio 15
VisualStudioVersion = 15.0.28307.421
MinimumVisualStudioVersion = 10.0.40219.1
Project("{FAE04EC0-301F-11D3-BF4B-00C04F79EFBC}") = "KphBilling", "KphBilling.csproj", "{DB1FEC8D-F794-4E74-9EAA-48F15D434ADD}"
EndProject
Global
	GlobalSection(SolutionConfigurationPlatforms) = preSolution
		Debug|Any CPU = Debug|Any CPU
		Release|Any CPU = Release|Any CPU
	EndGlobalSection
	GlobalSection(ProjectConfigurationPlatforms) = postSolution
		{DB1FEC8D-F794-4E74-9EAA-48F15D434ADD}.Debug|Any CPU.ActiveCfg = Debug|Any CPU
		{DB1FEC8D-F794-4E74-9EAA-48F15D434ADD}.Debug|Any CPU.Build.0 = Debug|Any CPU
		{DB1FEC8D-F794-4E74-9EAA-48F15D434ADD}.Release|Any CPU.ActiveCfg = Release|Any CPU
		{DB1FEC8D-F794-4E74-9EAA-48F15D434ADD}.Release|Any CPU.Build.0 = Release|Any CPU
	EndGlobalSection
	GlobalSection(SolutionProperties) = preSolution
		HideSolutionNode = FALSE
	EndGlobalSection
	GlobalSection(ExtensibilityGlobals) = postSolution
		SolutionGuid = {4B8E912A-72EB-45D8-97FF-900B2088E86F}
	EndGlobalSection
EndGlobal
